
Microsoft Visual Studio Solution File, Format Version 12.00
# Visual Studio 15
VisualStudioVersion = 15.0.28010.2016
MinimumVisualStudioVersion = 10.0.40219.1
Project("{FAE04EC0-301F-11D3-BF4B-00C04F79EFBC}") = "Ch10-P3-CarDelegateMethodGroupConversion", "Ch10-P3-CarDelegateMethodGroupConversion\Ch10-P3-CarDelegateMethodGroupConversion.csproj", "{004E657E-B363-4989-92C9-84080883182C}"
EndProject
Global
	GlobalSection(SolutionConfigurationPlatforms) = preSolution
		Debug|Any CPU = Debug|Any CPU
		Release|Any CPU = Release|Any CPU
	EndGlobalSection
	GlobalSection(ProjectConfigurationPlatforms) = postSolution
		{004E657E-B363-4989-92C9-84080883182C}.Debug|Any CPU.ActiveCfg = Debug|Any CPU
		{004E657E-B363-4989-92C9-84080883182C}.Debug|Any CPU.Build.0 = Debug|Any CPU
		{004E657E-B363-4989-92C9-84080883182C}.Release|Any CPU.ActiveCfg = Release|Any CPU
		{004E657E-B363-4989-92C9-84080883182C}.Release|Any CPU.Build.0 = Release|Any CPU
	EndGlobalSection
	GlobalSection(SolutionProperties) = preSolution
		HideSolutionNode = FALSE
	EndGlobalSection
	GlobalSection(ExtensibilityGlobals) = postSolution
		SolutionGuid = {E0212D86-B4C6-49F4-83B3-FF4A614BC7A1}
	EndGlobalSection
EndGlobal
